
Microsoft Visual Studio Solution File, Format Version 12.00
# Visual Studio 2013
VisualStudioVersion = 12.0.30723.0
MinimumVisualStudioVersion = 10.0.40219.1
Project("{FAE04EC0-301F-11D3-BF4B-00C04F79EFBC}") = "WPFSharedCodeProject", "WPFSharedCodeProject\WPFSharedCodeProject.csproj", "{3267218F-75A2-4CCA-9394-F8482E6E1698}"
EndProject
Project("{FAE04EC0-301F-11D3-BF4B-00C04F79EFBC}") = "SilverLightPhoneSharedProject", "SilverLightPhoneSharedProject\SilverLightPhoneSharedProject.csproj", "{8E6DD531-54FB-4800-9B4F-81D097003666}"
EndProject
Project("{FAE04EC0-301F-11D3-BF4B-00C04F79EFBC}") = "SilverlightClassLibrary", "SilverlightClassLibrary\SilverlightClassLibrary.csproj", "{F2F5C9CA-56E3-4A5B-9DF7-914524029CCA}"
EndProject
Project("{2150E333-8FDC-42A3-9474-1A3956D46DE8}") = "ClassLibraries", "ClassLibraries", "{D8DCAD7A-F32C-44EA-9D40-60E5A41EF018}"
EndProject
Project("{FAE04EC0-301F-11D3-BF4B-00C04F79EFBC}") = "WPFClassLibrary", "WPFClassLibrary\WPFClassLibrary.csproj", "{D95369B3-22A0-4354-8920-BCEE54EA97B5}"
EndProject
Project("{FAE04EC0-301F-11D3-BF4B-00C04F79EFBC}") = "UniversalClassLibrary", "UniversalClassLibrary\UniversalClassLibrary.csproj", "{51785536-63F9-4329-BFBC-FA5706A5CC9C}"
EndProject
Project("{FAE04EC0-301F-11D3-BF4B-00C04F79EFBC}") = "DotNetClassLibrary", "DotNetClassLibrary\DotNetClassLibrary.csproj", "{E3503AD1-6175-400E-802E-1EABF3CD4240}"
EndProject
Project("{2150E333-8FDC-42A3-9474-1A3956D46DE8}") = "UniversalSharedCodeProject", "UniversalSharedCodeProject", "{04AE5268-BE67-4B75-9E30-89D19591A3CC}"
EndProject
Project("{D954291E-2A0B-460D-934E-DC6B0785DB48}") = "UniversalSharedCodeProject.Shared", "UniversalSharedCodeProject\UniversalSharedCodeProject.Shared\UniversalSharedCodeProject.Shared.shproj", "{13CFB5C0-88AE-45D1-B017-4A203827B39D}"
EndProject
Project("{FAE04EC0-301F-11D3-BF4B-00C04F79EFBC}") = "UniversalSharedCodeProject.Windows", "UniversalSharedCodeProject\UniversalSharedCodeProject.Windows\UniversalSharedCodeProject.Windows.csproj", "{D1F2A5EC-480C-4374-BEC4-82EC0FE114BA}"
EndProject
Project("{FAE04EC0-301F-11D3-BF4B-00C04F79EFBC}") = "UniversalSharedCodeProject.WindowsPhone", "UniversalSharedCodeProject\UniversalSharedCodeProject.WindowsPhone\UniversalSharedCodeProject.WindowsPhone.csproj", "{8AA1BF81-E6AE-434C-9F6E-1308D5C95E4C}"
EndProject
Global
	GlobalSection(SharedMSBuildProjectFiles) = preSolution
		UniversalSharedCodeProject\UniversalSharedCodeProject.Shared\UniversalSharedCodeProject.Shared.projitems*{13cfb5c0-88ae-45d1-b017-4a203827b39d}*SharedItemsImports = 13
		UniversalSharedCodeProject\UniversalSharedCodeProject.Shared\UniversalSharedCodeProject.Shared.projitems*{d1f2a5ec-480c-4374-bec4-82ec0fe114ba}*SharedItemsImports = 4
		UniversalSharedCodeProject\UniversalSharedCodeProject.Shared\UniversalSharedCodeProject.Shared.projitems*{8aa1bf81-e6ae-434c-9f6e-1308d5c95e4c}*SharedItemsImports = 4
	EndGlobalSection
	GlobalSection(SolutionConfigurationPlatforms) = preSolution
		Debug|Any CPU = Debug|Any CPU
		Debug|ARM = Debug|ARM
		Debug|x64 = Debug|x64
		Debug|x86 = Debug|x86
		Release|Any CPU = Release|Any CPU
		Release|ARM = Release|ARM
		Release|x64 = Release|x64
		Release|x86 = Release|x86
	EndGlobalSection
	GlobalSection(ProjectConfigurationPlatforms) = postSolution
		{3267218F-75A2-4CCA-9394-F8482E6E1698}.Debug|Any CPU.ActiveCfg = Debug|Any CPU
		{3267218F-75A2-4CCA-9394-F8482E6E1698}.Debug|Any CPU.Build.0 = Debug|Any CPU
		{3267218F-75A2-4CCA-9394-F8482E6E1698}.Debug|ARM.ActiveCfg = Debug|Any CPU
		{3267218F-75A2-4CCA-9394-F8482E6E1698}.Debug|x64.ActiveCfg = Debug|Any CPU
		{3267218F-75A2-4CCA-9394-F8482E6E1698}.Debug|x86.ActiveCfg = Debug|Any CPU
		{3267218F-75A2-4CCA-9394-F8482E6E1698}.Release|Any CPU.ActiveCfg = Release|Any CPU
		{3267218F-75A2-4CCA-9394-F8482E6E1698}.Release|Any CPU.Build.0 = Release|Any CPU
		{3267218F-75A2-4CCA-9394-F8482E6E1698}.Release|ARM.ActiveCfg = Release|Any CPU
		{3267218F-75A2-4CCA-9394-F8482E6E1698}.Release|x64.ActiveCfg = Release|Any CPU
		{3267218F-75A2-4CCA-9394-F8482E6E1698}.Release|x86.ActiveCfg = Release|Any CPU
		{8E6DD531-54FB-4800-9B4F-81D097003666}.Debug|Any CPU.ActiveCfg = Debug|Any CPU
		{8E6DD531-54FB-4800-9B4F-81D097003666}.Debug|Any CPU.Build.0 = Debug|Any CPU
		{8E6DD531-54FB-4800-9B4F-81D097003666}.Debug|Any CPU.Deploy.0 = Debug|Any CPU
		{8E6DD531-54FB-4800-9B4F-81D097003666}.Debug|ARM.ActiveCfg = Debug|ARM
		{8E6DD531-54FB-4800-9B4F-81D097003666}.Debug|ARM.Build.0 = Debug|ARM
		{8E6DD531-54FB-4800-9B4F-81D097003666}.Debug|ARM.Deploy.0 = Debug|ARM
		{8E6DD531-54FB-4800-9B4F-81D097003666}.Debug|x64.ActiveCfg = Debug|Any CPU
		{8E6DD531-54FB-4800-9B4F-81D097003666}.Debug|x86.ActiveCfg = Debug|x86
		{8E6DD531-54FB-4800-9B4F-81D097003666}.Debug|x86.Build.0 = Debug|x86
		{8E6DD531-54FB-4800-9B4F-81D097003666}.Debug|x86.Deploy.0 = Debug|x86
		{8E6DD531-54FB-4800-9B4F-81D097003666}.Release|Any CPU.ActiveCfg = Release|Any CPU
		{8E6DD531-54FB-4800-9B4F-81D097003666}.Release|Any CPU.Build.0 = Release|Any CPU
		{8E6DD531-54FB-4800-9B4F-81D097003666}.Release|Any CPU.Deploy.0 = Release|Any CPU
		{8E6DD531-54FB-4800-9B4F-81D097003666}.Release|ARM.ActiveCfg = Release|ARM
		{8E6DD531-54FB-4800-9B4F-81D097003666}.Release|ARM.Build.0 = Release|ARM
		{8E6DD531-54FB-4800-9B4F-81D097003666}.Release|ARM.Deploy.0 = Release|ARM
		{8E6DD531-54FB-4800-9B4F-81D097003666}.Release|x64.ActiveCfg = Release|Any CPU
		{8E6DD531-54FB-4800-9B4F-81D097003666}.Release|x86.ActiveCfg = Release|x86
		{8E6DD531-54FB-4800-9B4F-81D097003666}.Release|x86.Build.0 = Release|x86
		{8E6DD531-54FB-4800-9B4F-81D097003666}.Release|x86.Deploy.0 = Release|x86
		{F2F5C9CA-56E3-4A5B-9DF7-914524029CCA}.Debug|Any CPU.ActiveCfg = Debug|Any CPU
		{F2F5C9CA-56E3-4A5B-9DF7-914524029CCA}.Debug|Any CPU.Build.0 = Debug|Any CPU
		{F2F5C9CA-56E3-4A5B-9DF7-914524029CCA}.Debug|ARM.ActiveCfg = Debug|ARM
		{F2F5C9CA-56E3-4A5B-9DF7-914524029CCA}.Debug|ARM.Build.0 = Debug|ARM
		{F2F5C9CA-56E3-4A5B-9DF7-914524029CCA}.Debug|x64.ActiveCfg = Debug|Any CPU
		{F2F5C9CA-56E3-4A5B-9DF7-914524029CCA}.Debug|x86.ActiveCfg = Debug|x86
		{F2F5C9CA-56E3-4A5B-9DF7-914524029CCA}.Debug|x86.Build.0 = Debug|x86
		{F2F5C9CA-56E3-4A5B-9DF7-914524029CCA}.Release|Any CPU.ActiveCfg = Release|Any CPU
		{F2F5C9CA-56E3-4A5B-9DF7-914524029CCA}.Release|Any CPU.Build.0 = Release|Any CPU
		{F2F5C9CA-56E3-4A5B-9DF7-914524029CCA}.Release|ARM.ActiveCfg = Release|ARM
		{F2F5C9CA-56E3-4A5B-9DF7-914524029CCA}.Release|ARM.Build.0 = Release|ARM
		{F2F5C9CA-56E3-4A5B-9DF7-914524029CCA}.Release|x64.ActiveCfg = Release|Any CPU
		{F2F5C9CA-56E3-4A5B-9DF7-914524029CCA}.Release|x86.ActiveCfg = Release|x86
		{F2F5C9CA-56E3-4A5B-9DF7-914524029CCA}.Release|x86.Build.0 = Release|x86
		{D95369B3-22A0-4354-8920-BCEE54EA97B5}.Debug|Any CPU.ActiveCfg = Debug|Any CPU
		{D95369B3-22A0-4354-8920-BCEE54EA97B5}.Debug|Any CPU.Build.0 = Debug|Any CPU
		{D95369B3-22A0-4354-8920-BCEE54EA97B5}.Debug|ARM.ActiveCfg = Debug|Any CPU
		{D95369B3-22A0-4354-8920-BCEE54EA97B5}.Debug|x64.ActiveCfg = Debug|Any CPU
		{D95369B3-22A0-4354-8920-BCEE54EA97B5}.Debug|x86.ActiveCfg = Debug|Any CPU
		{D95369B3-22A0-4354-8920-BCEE54EA97B5}.Release|Any CPU.ActiveCfg = Release|Any CPU
		{D95369B3-22A0-4354-8920-BCEE54EA97B5}.Release|Any CPU.Build.0 = Release|Any CPU
		{D95369B3-22A0-4354-8920-BCEE54EA97B5}.Release|ARM.ActiveCfg = Release|Any CPU
		{D95369B3-22A0-4354-8920-BCEE54EA97B5}.Release|x64.ActiveCfg = Release|Any CPU
		{D95369B3-22A0-4354-8920-BCEE54EA97B5}.Release|x86.ActiveCfg = Release|Any CPU
		{51785536-63F9-4329-BFBC-FA5706A5CC9C}.Debug|Any CPU.ActiveCfg = Debug|Any CPU
		{51785536-63F9-4329-BFBC-FA5706A5CC9C}.Debug|Any CPU.Build.0 = Debug|Any CPU
		{51785536-63F9-4329-BFBC-FA5706A5CC9C}.Debug|ARM.ActiveCfg = Debug|Any CPU
		{51785536-63F9-4329-BFBC-FA5706A5CC9C}.Debug|x64.ActiveCfg = Debug|Any CPU
		{51785536-63F9-4329-BFBC-FA5706A5CC9C}.Debug|x86.ActiveCfg = Debug|Any CPU
		{51785536-63F9-4329-BFBC-FA5706A5CC9C}.Release|Any CPU.ActiveCfg = Release|Any CPU
		{51785536-63F9-4329-BFBC-FA5706A5CC9C}.Release|Any CPU.Build.0 = Release|Any CPU
		{51785536-63F9-4329-BFBC-FA5706A5CC9C}.Release|ARM.ActiveCfg = Release|Any CPU
		{51785536-63F9-4329-BFBC-FA5706A5CC9C}.Release|x64.ActiveCfg = Release|Any CPU
		{51785536-63F9-4329-BFBC-FA5706A5CC9C}.Release|x86.ActiveCfg = Release|Any CPU
		{E3503AD1-6175-400E-802E-1EABF3CD4240}.Debug|Any CPU.ActiveCfg = Debug|Any CPU
		{E3503AD1-6175-400E-802E-1EABF3CD4240}.Debug|Any CPU.Build.0 = Debug|Any CPU
		{E3503AD1-6175-400E-802E-1EABF3CD4240}.Debug|ARM.ActiveCfg = Debug|Any CPU
		{E3503AD1-6175-400E-802E-1EABF3CD4240}.Debug|x64.ActiveCfg = Debug|Any CPU
		{E3503AD1-6175-400E-802E-1EABF3CD4240}.Debug|x86.ActiveCfg = Debug|Any CPU
		{E3503AD1-6175-400E-802E-1EABF3CD4240}.Release|Any CPU.ActiveCfg = Release|Any CPU
		{E3503AD1-6175-400E-802E-1EABF3CD4240}.Release|Any CPU.Build.0 = Release|Any CPU
		{E3503AD1-6175-400E-802E-1EABF3CD4240}.Release|ARM.ActiveCfg = Release|Any CPU
		{E3503AD1-6175-400E-802E-1EABF3CD4240}.Release|x64.ActiveCfg = Release|Any CPU
		{E3503AD1-6175-400E-802E-1EABF3CD4240}.Release|x86.ActiveCfg = Release|Any CPU
		{D1F2A5EC-480C-4374-BEC4-82EC0FE114BA}.Debug|Any CPU.ActiveCfg = Debug|Any CPU
		{D1F2A5EC-480C-4374-BEC4-82EC0FE114BA}.Debug|Any CPU.Build.0 = Debug|Any CPU
		{D1F2A5EC-480C-4374-BEC4-82EC0FE114BA}.Debug|Any CPU.Deploy.0 = Debug|Any CPU
		{D1F2A5EC-480C-4374-BEC4-82EC0FE114BA}.Debug|ARM.ActiveCfg = Debug|ARM
		{D1F2A5EC-480C-4374-BEC4-82EC0FE114BA}.Debug|ARM.Build.0 = Debug|ARM
		{D1F2A5EC-480C-4374-BEC4-82EC0FE114BA}.Debug|ARM.Deploy.0 = Debug|ARM
		{D1F2A5EC-480C-4374-BEC4-82EC0FE114BA}.Debug|x64.ActiveCfg = Debug|x64
		{D1F2A5EC-480C-4374-BEC4-82EC0FE114BA}.Debug|x64.Build.0 = Debug|x64
		{D1F2A5EC-480C-4374-BEC4-82EC0FE114BA}.Debug|x64.Deploy.0 = Debug|x64
		{D1F2A5EC-480C-4374-BEC4-82EC0FE114BA}.Debug|x86.ActiveCfg = Debug|x86
		{D1F2A5EC-480C-4374-BEC4-82EC0FE114BA}.Debug|x86.Build.0 = Debug|x86
		{D1F2A5EC-480C-4374-BEC4-82EC0FE114BA}.Debug|x86.Deploy.0 = Debug|x86
		{D1F2A5EC-480C-4374-BEC4-82EC0FE114BA}.Release|Any CPU.ActiveCfg = Release|Any CPU
		{D1F2A5EC-480C-4374-BEC4-82EC0FE114BA}.Release|Any CPU.Build.0 = Release|Any CPU
		{D1F2A5EC-480C-4374-BEC4-82EC0FE114BA}.Release|Any CPU.Deploy.0 = Release|Any CPU
		{D1F2A5EC-480C-4374-BEC4-82EC0FE114BA}.Release|ARM.ActiveCfg = Release|ARM
		{D1F2A5EC-480C-4374-BEC4-82EC0FE114BA}.Release|ARM.Build.0 = Release|ARM
		{D1F2A5EC-480C-4374-BEC4-82EC0FE114BA}.Release|ARM.Deploy.0 = Release|ARM
		{D1F2A5EC-480C-4374-BEC4-82EC0FE114BA}.Release|x64.ActiveCfg = Release|x64
		{D1F2A5EC-480C-4374-BEC4-82EC0FE114BA}.Release|x64.Build.0 = Release|x64
		{D1F2A5EC-480C-4374-BEC4-82EC0FE114BA}.Release|x64.Deploy.0 = Release|x64
		{D1F2A5EC-480C-4374-BEC4-82EC0FE114BA}.Release|x86.ActiveCfg = Release|x86
		{D1F2A5EC-480C-4374-BEC4-82EC0FE114BA}.Release|x86.Build.0 = Release|x86
		{D1F2A5EC-480C-4374-BEC4-82EC0FE114BA}.Release|x86.Deploy.0 = Release|x86
		{8AA1BF81-E6AE-434C-9F6E-1308D5C95E4C}.Debug|Any CPU.ActiveCfg = Debug|Any CPU
		{8AA1BF81-E6AE-434C-9F6E-1308D5C95E4C}.Debug|Any CPU.Build.0 = Debug|Any CPU
		{8AA1BF81-E6AE-434C-9F6E-1308D5C95E4C}.Debug|Any CPU.Deploy.0 = Debug|Any CPU
		{8AA1BF81-E6AE-434C-9F6E-1308D5C95E4C}.Debug|ARM.ActiveCfg = Debug|ARM
		{8AA1BF81-E6AE-434C-9F6E-1308D5C95E4C}.Debug|ARM.Build.0 = Debug|ARM
		{8AA1BF81-E6AE-434C-9F6E-1308D5C95E4C}.Debug|ARM.Deploy.0 = Debug|ARM
		{8AA1BF81-E6AE-434C-9F6E-1308D5C95E4C}.Debug|x64.ActiveCfg = Debug|Any CPU
		{8AA1BF81-E6AE-434C-9F6E-1308D5C95E4C}.Debug|x86.ActiveCfg = Debug|x86
		{8AA1BF81-E6AE-434C-9F6E-1308D5C95E4C}.Debug|x86.Build.0 = Debug|x86
		{8AA1BF81-E6AE-434C-9F6E-1308D5C95E4C}.Debug|x86.Deploy.0 = Debug|x86
		{8AA1BF81-E6AE-434C-9F6E-1308D5C95E4C}.Release|Any CPU.ActiveCfg = Release|Any CPU
		{8AA1BF81-E6AE-434C-9F6E-1308D5C95E4C}.Release|Any CPU.Build.0 = Release|Any CPU
		{8AA1BF81-E6AE-434C-9F6E-1308D5C95E4C}.Release|Any CPU.Deploy.0 = Release|Any CPU
		{8AA1BF81-E6AE-434C-9F6E-1308D5C95E4C}.Release|ARM.ActiveCfg = Release|ARM
		{8AA1BF81-E6AE-434C-9F6E-1308D5C95E4C}.Release|ARM.Build.0 = Release|ARM
		{8AA1BF81-E6AE-434C-9F6E-1308D5C95E4C}.Release|ARM.Deploy.0 = Release|ARM
		{8AA1BF81-E6AE-434C-9F6E-1308D5C95E4C}.Release|x64.ActiveCfg = Release|Any CPU
		{8AA1BF81-E6AE-434C-9F6E-1308D5C95E4C}.Release|x86.ActiveCfg = Release|x86
		{8AA1BF81-E6AE-434C-9F6E-1308D5C95E4C}.Release|x86.Build.0 = Release|x86
		{8AA1BF81-E6AE-434C-9F6E-1308D5C95E4C}.Release|x86.Deploy.0 = Release|x86
	EndGlobalSection
	GlobalSection(SolutionProperties) = preSolution
		HideSolutionNode = FALSE
	EndGlobalSection
	GlobalSection(NestedProjects) = preSolution
		{F2F5C9CA-56E3-4A5B-9DF7-914524029CCA} = {D8DCAD7A-F32C-44EA-9D40-60E5A41EF018}
		{D95369B3-22A0-4354-8920-BCEE54EA97B5} = {D8DCAD7A-F32C-44EA-9D40-60E5A41EF018}
		{51785536-63F9-4329-BFBC-FA5706A5CC9C} = {D8DCAD7A-F32C-44EA-9D40-60E5A41EF018}
		{E3503AD1-6175-400E-802E-1EABF3CD4240} = {D8DCAD7A-F32C-44EA-9D40-60E5A41EF018}
		{13CFB5C0-88AE-45D1-B017-4A203827B39D} = {04AE5268-BE67-4B75-9E30-89D19591A3CC}
		{D1F2A5EC-480C-4374-BEC4-82EC0FE114BA} = {04AE5268-BE67-4B75-9E30-89D19591A3CC}
		{8AA1BF81-E6AE-434C-9F6E-1308D5C95E4C} = {04AE5268-BE67-4B75-9E30-89D19591A3CC}
	EndGlobalSection
EndGlobal
