
Microsoft Visual Studio Solution File, Format Version 12.00
# Visual Studio 2013
VisualStudioVersion = 12.0.30723.0
MinimumVisualStudioVersion = 10.0.40219.1
Project("{2150E333-8FDC-42A3-9474-1A3956D46DE8}") = "ClockUniversalApp", "ClockUniversalApp", "{26C01006-09A8-470D-A401-C16BA54D5D62}"
EndProject
Project("{D954291E-2A0B-460D-934E-DC6B0785DB48}") = "UniversalClockApp.Shared", "UniversalClockApp\UniversalClockApp.Shared\UniversalClockApp.Shared.shproj", "{617A1B45-54D6-4741-9381-B2781D81F76F}"
EndProject
Project("{FAE04EC0-301F-11D3-BF4B-00C04F79EFBC}") = "UniversalClockApp.Windows", "UniversalClockApp\UniversalClockApp.Windows\UniversalClockApp.Windows.csproj", "{D5113C91-6B5E-4AAC-8F3F-E55659AA6303}"
EndProject
Project("{FAE04EC0-301F-11D3-BF4B-00C04F79EFBC}") = "UniversalClockApp.WindowsPhone", "UniversalClockApp\UniversalClockApp.WindowsPhone\UniversalClockApp.WindowsPhone.csproj", "{7C327BF9-CB78-45DE-827B-A463AD0C2116}"
EndProject
Project("{FAE04EC0-301F-11D3-BF4B-00C04F79EFBC}") = "ClockSilverlight80", "SilverlightClock80\ClockSilverlight80.csproj", "{BBFFEA83-34B4-4349-A2C1-F5B22C627276}"
EndProject
Project("{FAE04EC0-301F-11D3-BF4B-00C04F79EFBC}") = "ClockSilverlight81", "SilverlightClock81\ClockSilverlight81.csproj", "{9F898B0C-161F-4CDD-BB07-7835DE3F6E49}"
EndProject
Project("{FAE04EC0-301F-11D3-BF4B-00C04F79EFBC}") = "PortableClassLibraryForUniversalApps", "PortableClassLibraryForUniversalApps\PortableClassLibraryForUniversalApps.csproj", "{4F56B6B0-4991-42DC-9102-0DD0C28304F0}"
EndProject
Project("{FAE04EC0-301F-11D3-BF4B-00C04F79EFBC}") = "PortableClassLibraryForSilverlight80", "PortableClassLibraryForSilverlight80\PortableClassLibraryForSilverlight80.csproj", "{BDB8AA1C-768A-4A04-AE44-1C59CFE4B131}"
EndProject
Project("{FAE04EC0-301F-11D3-BF4B-00C04F79EFBC}") = "PortableClassLibraryForSilverlight81", "PortableClassLibraryForSilverlight81\PortableClassLibraryForSilverlight81.csproj", "{64ED428C-9D31-47FF-929E-A4A9FE389D9D}"
EndProject
Project("{FAE04EC0-301F-11D3-BF4B-00C04F79EFBC}") = "ClockWPFDesktopApp", "WPFClockDesktopApp\ClockWPFDesktopApp.csproj", "{7189A33B-109E-4DE2-9369-9AE497179BB8}"
EndProject
Project("{FAE04EC0-301F-11D3-BF4B-00C04F79EFBC}") = "PortableClassLibraryForDotNet40", "PortableClassLibraryForDotNet40\PortableClassLibraryForDotNet40.csproj", "{E3393428-CA2B-4856-9BB8-6BEB237B6DB9}"
EndProject
Project("{FAE04EC0-301F-11D3-BF4B-00C04F79EFBC}") = "PortableClassLibraryForDotNet45", "PortableClassLibraryForDotNet45\PortableClassLibraryForDotNet45.csproj", "{2AD4198B-DC2C-4DA2-B445-DF67F3A5A741}"
EndProject
Project("{FAE04EC0-301F-11D3-BF4B-00C04F79EFBC}") = "PortableClassLibraryForDotNet451", "PortableClassLibraryForDotNet451\PortableClassLibraryForDotNet451.csproj", "{A69BAEAE-7D50-462D-B5B3-CA74D3391CC1}"
EndProject
Global
	GlobalSection(SharedMSBuildProjectFiles) = preSolution
		UniversalClockApp\UniversalClockApp.Shared\UniversalClockApp.Shared.projitems*{617a1b45-54d6-4741-9381-b2781d81f76f}*SharedItemsImports = 13
		UniversalClockApp\UniversalClockApp.Shared\UniversalClockApp.Shared.projitems*{7c327bf9-cb78-45de-827b-a463ad0c2116}*SharedItemsImports = 4
		UniversalClockApp\UniversalClockApp.Shared\UniversalClockApp.Shared.projitems*{d5113c91-6b5e-4aac-8f3f-e55659aa6303}*SharedItemsImports = 4
	EndGlobalSection
	GlobalSection(SolutionConfigurationPlatforms) = preSolution
		Debug|Any CPU = Debug|Any CPU
		Debug|ARM = Debug|ARM
		Debug|x64 = Debug|x64
		Debug|x86 = Debug|x86
		Release|Any CPU = Release|Any CPU
		Release|ARM = Release|ARM
		Release|x64 = Release|x64
		Release|x86 = Release|x86
	EndGlobalSection
	GlobalSection(ProjectConfigurationPlatforms) = postSolution
		{D5113C91-6B5E-4AAC-8F3F-E55659AA6303}.Debug|Any CPU.ActiveCfg = Debug|Any CPU
		{D5113C91-6B5E-4AAC-8F3F-E55659AA6303}.Debug|Any CPU.Build.0 = Debug|Any CPU
		{D5113C91-6B5E-4AAC-8F3F-E55659AA6303}.Debug|Any CPU.Deploy.0 = Debug|Any CPU
		{D5113C91-6B5E-4AAC-8F3F-E55659AA6303}.Debug|ARM.ActiveCfg = Debug|ARM
		{D5113C91-6B5E-4AAC-8F3F-E55659AA6303}.Debug|ARM.Build.0 = Debug|ARM
		{D5113C91-6B5E-4AAC-8F3F-E55659AA6303}.Debug|ARM.Deploy.0 = Debug|ARM
		{D5113C91-6B5E-4AAC-8F3F-E55659AA6303}.Debug|x64.ActiveCfg = Debug|x64
		{D5113C91-6B5E-4AAC-8F3F-E55659AA6303}.Debug|x64.Build.0 = Debug|x64
		{D5113C91-6B5E-4AAC-8F3F-E55659AA6303}.Debug|x64.Deploy.0 = Debug|x64
		{D5113C91-6B5E-4AAC-8F3F-E55659AA6303}.Debug|x86.ActiveCfg = Debug|x86
		{D5113C91-6B5E-4AAC-8F3F-E55659AA6303}.Debug|x86.Build.0 = Debug|x86
		{D5113C91-6B5E-4AAC-8F3F-E55659AA6303}.Debug|x86.Deploy.0 = Debug|x86
		{D5113C91-6B5E-4AAC-8F3F-E55659AA6303}.Release|Any CPU.ActiveCfg = Release|Any CPU
		{D5113C91-6B5E-4AAC-8F3F-E55659AA6303}.Release|Any CPU.Build.0 = Release|Any CPU
		{D5113C91-6B5E-4AAC-8F3F-E55659AA6303}.Release|Any CPU.Deploy.0 = Release|Any CPU
		{D5113C91-6B5E-4AAC-8F3F-E55659AA6303}.Release|ARM.ActiveCfg = Release|ARM
		{D5113C91-6B5E-4AAC-8F3F-E55659AA6303}.Release|ARM.Build.0 = Release|ARM
		{D5113C91-6B5E-4AAC-8F3F-E55659AA6303}.Release|ARM.Deploy.0 = Release|ARM
		{D5113C91-6B5E-4AAC-8F3F-E55659AA6303}.Release|x64.ActiveCfg = Release|x64
		{D5113C91-6B5E-4AAC-8F3F-E55659AA6303}.Release|x64.Build.0 = Release|x64
		{D5113C91-6B5E-4AAC-8F3F-E55659AA6303}.Release|x64.Deploy.0 = Release|x64
		{D5113C91-6B5E-4AAC-8F3F-E55659AA6303}.Release|x86.ActiveCfg = Release|x86
		{D5113C91-6B5E-4AAC-8F3F-E55659AA6303}.Release|x86.Build.0 = Release|x86
		{D5113C91-6B5E-4AAC-8F3F-E55659AA6303}.Release|x86.Deploy.0 = Release|x86
		{7C327BF9-CB78-45DE-827B-A463AD0C2116}.Debug|Any CPU.ActiveCfg = Debug|Any CPU
		{7C327BF9-CB78-45DE-827B-A463AD0C2116}.Debug|Any CPU.Build.0 = Debug|Any CPU
		{7C327BF9-CB78-45DE-827B-A463AD0C2116}.Debug|Any CPU.Deploy.0 = Debug|Any CPU
		{7C327BF9-CB78-45DE-827B-A463AD0C2116}.Debug|ARM.ActiveCfg = Debug|ARM
		{7C327BF9-CB78-45DE-827B-A463AD0C2116}.Debug|ARM.Build.0 = Debug|ARM
		{7C327BF9-CB78-45DE-827B-A463AD0C2116}.Debug|ARM.Deploy.0 = Debug|ARM
		{7C327BF9-CB78-45DE-827B-A463AD0C2116}.Debug|x64.ActiveCfg = Debug|Any CPU
		{7C327BF9-CB78-45DE-827B-A463AD0C2116}.Debug|x86.ActiveCfg = Debug|x86
		{7C327BF9-CB78-45DE-827B-A463AD0C2116}.Debug|x86.Build.0 = Debug|x86
		{7C327BF9-CB78-45DE-827B-A463AD0C2116}.Debug|x86.Deploy.0 = Debug|x86
		{7C327BF9-CB78-45DE-827B-A463AD0C2116}.Release|Any CPU.ActiveCfg = Release|Any CPU
		{7C327BF9-CB78-45DE-827B-A463AD0C2116}.Release|Any CPU.Build.0 = Release|Any CPU
		{7C327BF9-CB78-45DE-827B-A463AD0C2116}.Release|Any CPU.Deploy.0 = Release|Any CPU
		{7C327BF9-CB78-45DE-827B-A463AD0C2116}.Release|ARM.ActiveCfg = Release|ARM
		{7C327BF9-CB78-45DE-827B-A463AD0C2116}.Release|ARM.Build.0 = Release|ARM
		{7C327BF9-CB78-45DE-827B-A463AD0C2116}.Release|ARM.Deploy.0 = Release|ARM
		{7C327BF9-CB78-45DE-827B-A463AD0C2116}.Release|x64.ActiveCfg = Release|Any CPU
		{7C327BF9-CB78-45DE-827B-A463AD0C2116}.Release|x86.ActiveCfg = Release|x86
		{7C327BF9-CB78-45DE-827B-A463AD0C2116}.Release|x86.Build.0 = Release|x86
		{7C327BF9-CB78-45DE-827B-A463AD0C2116}.Release|x86.Deploy.0 = Release|x86
		{BBFFEA83-34B4-4349-A2C1-F5B22C627276}.Debug|Any CPU.ActiveCfg = Debug|Any CPU
		{BBFFEA83-34B4-4349-A2C1-F5B22C627276}.Debug|Any CPU.Build.0 = Debug|Any CPU
		{BBFFEA83-34B4-4349-A2C1-F5B22C627276}.Debug|Any CPU.Deploy.0 = Debug|Any CPU
		{BBFFEA83-34B4-4349-A2C1-F5B22C627276}.Debug|ARM.ActiveCfg = Debug|ARM
		{BBFFEA83-34B4-4349-A2C1-F5B22C627276}.Debug|ARM.Build.0 = Debug|ARM
		{BBFFEA83-34B4-4349-A2C1-F5B22C627276}.Debug|ARM.Deploy.0 = Debug|ARM
		{BBFFEA83-34B4-4349-A2C1-F5B22C627276}.Debug|x64.ActiveCfg = Debug|Any CPU
		{BBFFEA83-34B4-4349-A2C1-F5B22C627276}.Debug|x86.ActiveCfg = Debug|x86
		{BBFFEA83-34B4-4349-A2C1-F5B22C627276}.Debug|x86.Build.0 = Debug|x86
		{BBFFEA83-34B4-4349-A2C1-F5B22C627276}.Debug|x86.Deploy.0 = Debug|x86
		{BBFFEA83-34B4-4349-A2C1-F5B22C627276}.Release|Any CPU.ActiveCfg = Release|Any CPU
		{BBFFEA83-34B4-4349-A2C1-F5B22C627276}.Release|Any CPU.Build.0 = Release|Any CPU
		{BBFFEA83-34B4-4349-A2C1-F5B22C627276}.Release|Any CPU.Deploy.0 = Release|Any CPU
		{BBFFEA83-34B4-4349-A2C1-F5B22C627276}.Release|ARM.ActiveCfg = Release|ARM
		{BBFFEA83-34B4-4349-A2C1-F5B22C627276}.Release|ARM.Build.0 = Release|ARM
		{BBFFEA83-34B4-4349-A2C1-F5B22C627276}.Release|ARM.Deploy.0 = Release|ARM
		{BBFFEA83-34B4-4349-A2C1-F5B22C627276}.Release|x64.ActiveCfg = Release|Any CPU
		{BBFFEA83-34B4-4349-A2C1-F5B22C627276}.Release|x86.ActiveCfg = Release|x86
		{BBFFEA83-34B4-4349-A2C1-F5B22C627276}.Release|x86.Build.0 = Release|x86
		{BBFFEA83-34B4-4349-A2C1-F5B22C627276}.Release|x86.Deploy.0 = Release|x86
		{9F898B0C-161F-4CDD-BB07-7835DE3F6E49}.Debug|Any CPU.ActiveCfg = Debug|Any CPU
		{9F898B0C-161F-4CDD-BB07-7835DE3F6E49}.Debug|Any CPU.Build.0 = Debug|Any CPU
		{9F898B0C-161F-4CDD-BB07-7835DE3F6E49}.Debug|Any CPU.Deploy.0 = Debug|Any CPU
		{9F898B0C-161F-4CDD-BB07-7835DE3F6E49}.Debug|ARM.ActiveCfg = Debug|ARM
		{9F898B0C-161F-4CDD-BB07-7835DE3F6E49}.Debug|ARM.Build.0 = Debug|ARM
		{9F898B0C-161F-4CDD-BB07-7835DE3F6E49}.Debug|ARM.Deploy.0 = Debug|ARM
		{9F898B0C-161F-4CDD-BB07-7835DE3F6E49}.Debug|x64.ActiveCfg = Debug|Any CPU
		{9F898B0C-161F-4CDD-BB07-7835DE3F6E49}.Debug|x86.ActiveCfg = Debug|x86
		{9F898B0C-161F-4CDD-BB07-7835DE3F6E49}.Debug|x86.Build.0 = Debug|x86
		{9F898B0C-161F-4CDD-BB07-7835DE3F6E49}.Debug|x86.Deploy.0 = Debug|x86
		{9F898B0C-161F-4CDD-BB07-7835DE3F6E49}.Release|Any CPU.ActiveCfg = Release|Any CPU
		{9F898B0C-161F-4CDD-BB07-7835DE3F6E49}.Release|Any CPU.Build.0 = Release|Any CPU
		{9F898B0C-161F-4CDD-BB07-7835DE3F6E49}.Release|Any CPU.Deploy.0 = Release|Any CPU
		{9F898B0C-161F-4CDD-BB07-7835DE3F6E49}.Release|ARM.ActiveCfg = Release|ARM
		{9F898B0C-161F-4CDD-BB07-7835DE3F6E49}.Release|ARM.Build.0 = Release|ARM
		{9F898B0C-161F-4CDD-BB07-7835DE3F6E49}.Release|ARM.Deploy.0 = Release|ARM
		{9F898B0C-161F-4CDD-BB07-7835DE3F6E49}.Release|x64.ActiveCfg = Release|Any CPU
		{9F898B0C-161F-4CDD-BB07-7835DE3F6E49}.Release|x86.ActiveCfg = Release|x86
		{9F898B0C-161F-4CDD-BB07-7835DE3F6E49}.Release|x86.Build.0 = Release|x86
		{9F898B0C-161F-4CDD-BB07-7835DE3F6E49}.Release|x86.Deploy.0 = Release|x86
		{4F56B6B0-4991-42DC-9102-0DD0C28304F0}.Debug|Any CPU.ActiveCfg = Debug|Any CPU
		{4F56B6B0-4991-42DC-9102-0DD0C28304F0}.Debug|Any CPU.Build.0 = Debug|Any CPU
		{4F56B6B0-4991-42DC-9102-0DD0C28304F0}.Debug|ARM.ActiveCfg = Debug|Any CPU
		{4F56B6B0-4991-42DC-9102-0DD0C28304F0}.Debug|x64.ActiveCfg = Debug|Any CPU
		{4F56B6B0-4991-42DC-9102-0DD0C28304F0}.Debug|x86.ActiveCfg = Debug|Any CPU
		{4F56B6B0-4991-42DC-9102-0DD0C28304F0}.Release|Any CPU.ActiveCfg = Release|Any CPU
		{4F56B6B0-4991-42DC-9102-0DD0C28304F0}.Release|Any CPU.Build.0 = Release|Any CPU
		{4F56B6B0-4991-42DC-9102-0DD0C28304F0}.Release|ARM.ActiveCfg = Release|Any CPU
		{4F56B6B0-4991-42DC-9102-0DD0C28304F0}.Release|x64.ActiveCfg = Release|Any CPU
		{4F56B6B0-4991-42DC-9102-0DD0C28304F0}.Release|x86.ActiveCfg = Release|Any CPU
		{BDB8AA1C-768A-4A04-AE44-1C59CFE4B131}.Debug|Any CPU.ActiveCfg = Debug|Any CPU
		{BDB8AA1C-768A-4A04-AE44-1C59CFE4B131}.Debug|Any CPU.Build.0 = Debug|Any CPU
		{BDB8AA1C-768A-4A04-AE44-1C59CFE4B131}.Debug|ARM.ActiveCfg = Debug|ARM
		{BDB8AA1C-768A-4A04-AE44-1C59CFE4B131}.Debug|ARM.Build.0 = Debug|ARM
		{BDB8AA1C-768A-4A04-AE44-1C59CFE4B131}.Debug|x64.ActiveCfg = Debug|Any CPU
		{BDB8AA1C-768A-4A04-AE44-1C59CFE4B131}.Debug|x86.ActiveCfg = Debug|x86
		{BDB8AA1C-768A-4A04-AE44-1C59CFE4B131}.Debug|x86.Build.0 = Debug|x86
		{BDB8AA1C-768A-4A04-AE44-1C59CFE4B131}.Release|Any CPU.ActiveCfg = Release|Any CPU
		{BDB8AA1C-768A-4A04-AE44-1C59CFE4B131}.Release|Any CPU.Build.0 = Release|Any CPU
		{BDB8AA1C-768A-4A04-AE44-1C59CFE4B131}.Release|ARM.ActiveCfg = Release|ARM
		{BDB8AA1C-768A-4A04-AE44-1C59CFE4B131}.Release|ARM.Build.0 = Release|ARM
		{BDB8AA1C-768A-4A04-AE44-1C59CFE4B131}.Release|x64.ActiveCfg = Release|Any CPU
		{BDB8AA1C-768A-4A04-AE44-1C59CFE4B131}.Release|x86.ActiveCfg = Release|x86
		{BDB8AA1C-768A-4A04-AE44-1C59CFE4B131}.Release|x86.Build.0 = Release|x86
		{64ED428C-9D31-47FF-929E-A4A9FE389D9D}.Debug|Any CPU.ActiveCfg = Debug|Any CPU
		{64ED428C-9D31-47FF-929E-A4A9FE389D9D}.Debug|Any CPU.Build.0 = Debug|Any CPU
		{64ED428C-9D31-47FF-929E-A4A9FE389D9D}.Debug|ARM.ActiveCfg = Debug|ARM
		{64ED428C-9D31-47FF-929E-A4A9FE389D9D}.Debug|ARM.Build.0 = Debug|ARM
		{64ED428C-9D31-47FF-929E-A4A9FE389D9D}.Debug|x64.ActiveCfg = Debug|Any CPU
		{64ED428C-9D31-47FF-929E-A4A9FE389D9D}.Debug|x86.ActiveCfg = Debug|x86
		{64ED428C-9D31-47FF-929E-A4A9FE389D9D}.Debug|x86.Build.0 = Debug|x86
		{64ED428C-9D31-47FF-929E-A4A9FE389D9D}.Release|Any CPU.ActiveCfg = Release|Any CPU
		{64ED428C-9D31-47FF-929E-A4A9FE389D9D}.Release|Any CPU.Build.0 = Release|Any CPU
		{64ED428C-9D31-47FF-929E-A4A9FE389D9D}.Release|ARM.ActiveCfg = Release|ARM
		{64ED428C-9D31-47FF-929E-A4A9FE389D9D}.Release|ARM.Build.0 = Release|ARM
		{64ED428C-9D31-47FF-929E-A4A9FE389D9D}.Release|x64.ActiveCfg = Release|Any CPU
		{64ED428C-9D31-47FF-929E-A4A9FE389D9D}.Release|x86.ActiveCfg = Release|x86
		{64ED428C-9D31-47FF-929E-A4A9FE389D9D}.Release|x86.Build.0 = Release|x86
		{7189A33B-109E-4DE2-9369-9AE497179BB8}.Debug|Any CPU.ActiveCfg = Debug|Any CPU
		{7189A33B-109E-4DE2-9369-9AE497179BB8}.Debug|Any CPU.Build.0 = Debug|Any CPU
		{7189A33B-109E-4DE2-9369-9AE497179BB8}.Debug|ARM.ActiveCfg = Debug|Any CPU
		{7189A33B-109E-4DE2-9369-9AE497179BB8}.Debug|x64.ActiveCfg = Debug|Any CPU
		{7189A33B-109E-4DE2-9369-9AE497179BB8}.Debug|x86.ActiveCfg = Debug|Any CPU
		{7189A33B-109E-4DE2-9369-9AE497179BB8}.Release|Any CPU.ActiveCfg = Release|Any CPU
		{7189A33B-109E-4DE2-9369-9AE497179BB8}.Release|Any CPU.Build.0 = Release|Any CPU
		{7189A33B-109E-4DE2-9369-9AE497179BB8}.Release|ARM.ActiveCfg = Release|Any CPU
		{7189A33B-109E-4DE2-9369-9AE497179BB8}.Release|x64.ActiveCfg = Release|Any CPU
		{7189A33B-109E-4DE2-9369-9AE497179BB8}.Release|x86.ActiveCfg = Release|Any CPU
		{E3393428-CA2B-4856-9BB8-6BEB237B6DB9}.Debug|Any CPU.ActiveCfg = Debug|Any CPU
		{E3393428-CA2B-4856-9BB8-6BEB237B6DB9}.Debug|Any CPU.Build.0 = Debug|Any CPU
		{E3393428-CA2B-4856-9BB8-6BEB237B6DB9}.Debug|ARM.ActiveCfg = Debug|Any CPU
		{E3393428-CA2B-4856-9BB8-6BEB237B6DB9}.Debug|x64.ActiveCfg = Debug|Any CPU
		{E3393428-CA2B-4856-9BB8-6BEB237B6DB9}.Debug|x86.ActiveCfg = Debug|Any CPU
		{E3393428-CA2B-4856-9BB8-6BEB237B6DB9}.Release|Any CPU.ActiveCfg = Release|Any CPU
		{E3393428-CA2B-4856-9BB8-6BEB237B6DB9}.Release|Any CPU.Build.0 = Release|Any CPU
		{E3393428-CA2B-4856-9BB8-6BEB237B6DB9}.Release|ARM.ActiveCfg = Release|Any CPU
		{E3393428-CA2B-4856-9BB8-6BEB237B6DB9}.Release|x64.ActiveCfg = Release|Any CPU
		{E3393428-CA2B-4856-9BB8-6BEB237B6DB9}.Release|x86.ActiveCfg = Release|Any CPU
		{2AD4198B-DC2C-4DA2-B445-DF67F3A5A741}.Debug|Any CPU.ActiveCfg = Debug|Any CPU
		{2AD4198B-DC2C-4DA2-B445-DF67F3A5A741}.Debug|Any CPU.Build.0 = Debug|Any CPU
		{2AD4198B-DC2C-4DA2-B445-DF67F3A5A741}.Debug|ARM.ActiveCfg = Debug|Any CPU
		{2AD4198B-DC2C-4DA2-B445-DF67F3A5A741}.Debug|x64.ActiveCfg = Debug|Any CPU
		{2AD4198B-DC2C-4DA2-B445-DF67F3A5A741}.Debug|x86.ActiveCfg = Debug|Any CPU
		{2AD4198B-DC2C-4DA2-B445-DF67F3A5A741}.Release|Any CPU.ActiveCfg = Release|Any CPU
		{2AD4198B-DC2C-4DA2-B445-DF67F3A5A741}.Release|Any CPU.Build.0 = Release|Any CPU
		{2AD4198B-DC2C-4DA2-B445-DF67F3A5A741}.Release|ARM.ActiveCfg = Release|Any CPU
		{2AD4198B-DC2C-4DA2-B445-DF67F3A5A741}.Release|x64.ActiveCfg = Release|Any CPU
		{2AD4198B-DC2C-4DA2-B445-DF67F3A5A741}.Release|x86.ActiveCfg = Release|Any CPU
		{A69BAEAE-7D50-462D-B5B3-CA74D3391CC1}.Debug|Any CPU.ActiveCfg = Debug|Any CPU
		{A69BAEAE-7D50-462D-B5B3-CA74D3391CC1}.Debug|Any CPU.Build.0 = Debug|Any CPU
		{A69BAEAE-7D50-462D-B5B3-CA74D3391CC1}.Debug|ARM.ActiveCfg = Debug|Any CPU
		{A69BAEAE-7D50-462D-B5B3-CA74D3391CC1}.Debug|x64.ActiveCfg = Debug|Any CPU
		{A69BAEAE-7D50-462D-B5B3-CA74D3391CC1}.Debug|x86.ActiveCfg = Debug|Any CPU
		{A69BAEAE-7D50-462D-B5B3-CA74D3391CC1}.Release|Any CPU.ActiveCfg = Release|Any CPU
		{A69BAEAE-7D50-462D-B5B3-CA74D3391CC1}.Release|Any CPU.Build.0 = Release|Any CPU
		{A69BAEAE-7D50-462D-B5B3-CA74D3391CC1}.Release|ARM.ActiveCfg = Release|Any CPU
		{A69BAEAE-7D50-462D-B5B3-CA74D3391CC1}.Release|x64.ActiveCfg = Release|Any CPU
		{A69BAEAE-7D50-462D-B5B3-CA74D3391CC1}.Release|x86.ActiveCfg = Release|Any CPU
	EndGlobalSection
	GlobalSection(SolutionProperties) = preSolution
		HideSolutionNode = FALSE
	EndGlobalSection
	GlobalSection(NestedProjects) = preSolution
		{617A1B45-54D6-4741-9381-B2781D81F76F} = {26C01006-09A8-470D-A401-C16BA54D5D62}
		{D5113C91-6B5E-4AAC-8F3F-E55659AA6303} = {26C01006-09A8-470D-A401-C16BA54D5D62}
		{7C327BF9-CB78-45DE-827B-A463AD0C2116} = {26C01006-09A8-470D-A401-C16BA54D5D62}
	EndGlobalSection
EndGlobal
